
Microsoft Visual Studio Solution File, Format Version 12.00
# Visual Studio Version 17
VisualStudioVersion = 17.6.33815.320
MinimumVisualStudioVersion = 10.0.40219.1
Project("{FAE04EC0-301F-11D3-BF4B-00C04F79EFBC}") = "Producer", "Producer\Producer.csproj", "{93020071-9D2A-493E-8522-34CA521B8F00}"
EndProject
Project("{FAE04EC0-301F-11D3-BF4B-00C04F79EFBC}") = "Consumer", "Consumer\Consumer.csproj", "{9BBE5984-C760-4855-B2F7-95FF488DDAE1}"
EndProject
Global
	GlobalSection(SolutionConfigurationPlatforms) = preSolution
		Debug|Any CPU = Debug|Any CPU
		Release|Any CPU = Release|Any CPU
	EndGlobalSection
	GlobalSection(ProjectConfigurationPlatforms) = postSolution
		{93020071-9D2A-493E-8522-34CA521B8F00}.Debug|Any CPU.ActiveCfg = Debug|Any CPU
		{93020071-9D2A-493E-8522-34CA521B8F00}.Debug|Any CPU.Build.0 = Debug|Any CPU
		{93020071-9D2A-493E-8522-34CA521B8F00}.Release|Any CPU.ActiveCfg = Release|Any CPU
		{93020071-9D2A-493E-8522-34CA521B8F00}.Release|Any CPU.Build.0 = Release|Any CPU
		{9BBE5984-C760-4855-B2F7-95FF488DDAE1}.Debug|Any CPU.ActiveCfg = Debug|Any CPU
		{9BBE5984-C760-4855-B2F7-95FF488DDAE1}.Debug|Any CPU.Build.0 = Debug|Any CPU
		{9BBE5984-C760-4855-B2F7-95FF488DDAE1}.Release|Any CPU.ActiveCfg = Release|Any CPU
		{9BBE5984-C760-4855-B2F7-95FF488DDAE1}.Release|Any CPU.Build.0 = Release|Any CPU
	EndGlobalSection
	GlobalSection(SolutionProperties) = preSolution
		HideSolutionNode = FALSE
	EndGlobalSection
	GlobalSection(ExtensibilityGlobals) = postSolution
		SolutionGuid = {67828718-6613-4B93-BC24-F47314DB9546}
	EndGlobalSection
EndGlobal
